
Microsoft Visual Studio Solution File, Format Version 12.00
# Visual Studio 15
VisualStudioVersion = 15.0.26430.16
MinimumVisualStudioVersion = 10.0.40219.1
Project("{FAE04EC0-301F-11D3-BF4B-00C04F79EFBC}") = "App1.Android", "App1\App1.Android\App1.Android.csproj", "{0A4382C0-9012-4343-99A3-53DA04591B13}"
EndProject
Project("{FAE04EC0-301F-11D3-BF4B-00C04F79EFBC}") = "App1", "App1\App1\App1.csproj", "{0B5F3B46-7F68-4F74-AC7A-2DEDADC8A3FB}"
EndProject
Project("{FAE04EC0-301F-11D3-BF4B-00C04F79EFBC}") = "App1.UWP", "App1\App1.UWP\App1.UWP.csproj", "{374E5B1B-3017-48A1-9CE9-20EA17CBBFE3}"
EndProject
Project("{FAE04EC0-301F-11D3-BF4B-00C04F79EFBC}") = "App1.iOS", "App1\App1.iOS\App1.iOS.csproj", "{B1B4E1C7-F067-449A-9A44-BD2CCB6E21DD}"
EndProject
Global
	GlobalSection(SolutionConfigurationPlatforms) = preSolution
		Ad-Hoc|Any CPU = Ad-Hoc|Any CPU
		Ad-Hoc|ARM = Ad-Hoc|ARM
		Ad-Hoc|iPhone = Ad-Hoc|iPhone
		Ad-Hoc|iPhoneSimulator = Ad-Hoc|iPhoneSimulator
		Ad-Hoc|x64 = Ad-Hoc|x64
		Ad-Hoc|x86 = Ad-Hoc|x86
		AppStore|Any CPU = AppStore|Any CPU
		AppStore|ARM = AppStore|ARM
		AppStore|iPhone = AppStore|iPhone
		AppStore|iPhoneSimulator = AppStore|iPhoneSimulator
		AppStore|x64 = AppStore|x64
		AppStore|x86 = AppStore|x86
		Debug|Any CPU = Debug|Any CPU
		Debug|ARM = Debug|ARM
		Debug|iPhone = Debug|iPhone
		Debug|iPhoneSimulator = Debug|iPhoneSimulator
		Debug|x64 = Debug|x64
		Debug|x86 = Debug|x86
		Release|Any CPU = Release|Any CPU
		Release|ARM = Release|ARM
		Release|iPhone = Release|iPhone
		Release|iPhoneSimulator = Release|iPhoneSimulator
		Release|x64 = Release|x64
		Release|x86 = Release|x86
	EndGlobalSection
	GlobalSection(ProjectConfigurationPlatforms) = postSolution
		{0A4382C0-9012-4343-99A3-53DA04591B13}.Ad-Hoc|Any CPU.ActiveCfg = Release|Any CPU
		{0A4382C0-9012-4343-99A3-53DA04591B13}.Ad-Hoc|Any CPU.Build.0 = Release|Any CPU
		{0A4382C0-9012-4343-99A3-53DA04591B13}.Ad-Hoc|Any CPU.Deploy.0 = Release|Any CPU
		{0A4382C0-9012-4343-99A3-53DA04591B13}.Ad-Hoc|ARM.ActiveCfg = Release|Any CPU
		{0A4382C0-9012-4343-99A3-53DA04591B13}.Ad-Hoc|ARM.Build.0 = Release|Any CPU
		{0A4382C0-9012-4343-99A3-53DA04591B13}.Ad-Hoc|ARM.Deploy.0 = Release|Any CPU
		{0A4382C0-9012-4343-99A3-53DA04591B13}.Ad-Hoc|iPhone.ActiveCfg = Release|Any CPU
		{0A4382C0-9012-4343-99A3-53DA04591B13}.Ad-Hoc|iPhone.Build.0 = Release|Any CPU
		{0A4382C0-9012-4343-99A3-53DA04591B13}.Ad-Hoc|iPhone.Deploy.0 = Release|Any CPU
		{0A4382C0-9012-4343-99A3-53DA04591B13}.Ad-Hoc|iPhoneSimulator.ActiveCfg = Release|Any CPU
		{0A4382C0-9012-4343-99A3-53DA04591B13}.Ad-Hoc|iPhoneSimulator.Build.0 = Release|Any CPU
		{0A4382C0-9012-4343-99A3-53DA04591B13}.Ad-Hoc|iPhoneSimulator.Deploy.0 = Release|Any CPU
		{0A4382C0-9012-4343-99A3-53DA04591B13}.Ad-Hoc|x64.ActiveCfg = Release|Any CPU
		{0A4382C0-9012-4343-99A3-53DA04591B13}.Ad-Hoc|x64.Build.0 = Release|Any CPU
		{0A4382C0-9012-4343-99A3-53DA04591B13}.Ad-Hoc|x64.Deploy.0 = Release|Any CPU
		{0A4382C0-9012-4343-99A3-53DA04591B13}.Ad-Hoc|x86.ActiveCfg = Release|Any CPU
		{0A4382C0-9012-4343-99A3-53DA04591B13}.Ad-Hoc|x86.Build.0 = Release|Any CPU
		{0A4382C0-9012-4343-99A3-53DA04591B13}.Ad-Hoc|x86.Deploy.0 = Release|Any CPU
		{0A4382C0-9012-4343-99A3-53DA04591B13}.AppStore|Any CPU.ActiveCfg = Release|Any CPU
		{0A4382C0-9012-4343-99A3-53DA04591B13}.AppStore|Any CPU.Build.0 = Release|Any CPU
		{0A4382C0-9012-4343-99A3-53DA04591B13}.AppStore|Any CPU.Deploy.0 = Release|Any CPU
		{0A4382C0-9012-4343-99A3-53DA04591B13}.AppStore|ARM.ActiveCfg = Release|Any CPU
		{0A4382C0-9012-4343-99A3-53DA04591B13}.AppStore|ARM.Build.0 = Release|Any CPU
		{0A4382C0-9012-4343-99A3-53DA04591B13}.AppStore|ARM.Deploy.0 = Release|Any CPU
		{0A4382C0-9012-4343-99A3-53DA04591B13}.AppStore|iPhone.ActiveCfg = Release|Any CPU
		{0A4382C0-9012-4343-99A3-53DA04591B13}.AppStore|iPhone.Build.0 = Release|Any CPU
		{0A4382C0-9012-4343-99A3-53DA04591B13}.AppStore|iPhone.Deploy.0 = Release|Any CPU
		{0A4382C0-9012-4343-99A3-53DA04591B13}.AppStore|iPhoneSimulator.ActiveCfg = Release|Any CPU
		{0A4382C0-9012-4343-99A3-53DA04591B13}.AppStore|iPhoneSimulator.Build.0 = Release|Any CPU
		{0A4382C0-9012-4343-99A3-53DA04591B13}.AppStore|iPhoneSimulator.Deploy.0 = Release|Any CPU
		{0A4382C0-9012-4343-99A3-53DA04591B13}.AppStore|x64.ActiveCfg = Release|Any CPU
		{0A4382C0-9012-4343-99A3-53DA04591B13}.AppStore|x64.Build.0 = Release|Any CPU
		{0A4382C0-9012-4343-99A3-53DA04591B13}.AppStore|x64.Deploy.0 = Release|Any CPU
		{0A4382C0-9012-4343-99A3-53DA04591B13}.AppStore|x86.ActiveCfg = Release|Any CPU
		{0A4382C0-9012-4343-99A3-53DA04591B13}.AppStore|x86.Build.0 = Release|Any CPU
		{0A4382C0-9012-4343-99A3-53DA04591B13}.AppStore|x86.Deploy.0 = Release|Any CPU
		{0A4382C0-9012-4343-99A3-53DA04591B13}.Debug|Any CPU.ActiveCfg = Debug|Any CPU
		{0A4382C0-9012-4343-99A3-53DA04591B13}.Debug|Any CPU.Build.0 = Debug|Any CPU
		{0A4382C0-9012-4343-99A3-53DA04591B13}.Debug|Any CPU.Deploy.0 = Debug|Any CPU
		{0A4382C0-9012-4343-99A3-53DA04591B13}.Debug|ARM.ActiveCfg = Debug|Any CPU
		{0A4382C0-9012-4343-99A3-53DA04591B13}.Debug|ARM.Build.0 = Debug|Any CPU
		{0A4382C0-9012-4343-99A3-53DA04591B13}.Debug|ARM.Deploy.0 = Debug|Any CPU
		{0A4382C0-9012-4343-99A3-53DA04591B13}.Debug|iPhone.ActiveCfg = Debug|Any CPU
		{0A4382C0-9012-4343-99A3-53DA04591B13}.Debug|iPhone.Build.0 = Debug|Any CPU
		{0A4382C0-9012-4343-99A3-53DA04591B13}.Debug|iPhone.Deploy.0 = Debug|Any CPU
		{0A4382C0-9012-4343-99A3-53DA04591B13}.Debug|iPhoneSimulator.ActiveCfg = Debug|Any CPU
		{0A4382C0-9012-4343-99A3-53DA04591B13}.Debug|iPhoneSimulator.Build.0 = Debug|Any CPU
		{0A4382C0-9012-4343-99A3-53DA04591B13}.Debug|iPhoneSimulator.Deploy.0 = Debug|Any CPU
		{0A4382C0-9012-4343-99A3-53DA04591B13}.Debug|x64.ActiveCfg = Debug|Any CPU
		{0A4382C0-9012-4343-99A3-53DA04591B13}.Debug|x64.Build.0 = Debug|Any CPU
		{0A4382C0-9012-4343-99A3-53DA04591B13}.Debug|x64.Deploy.0 = Debug|Any CPU
		{0A4382C0-9012-4343-99A3-53DA04591B13}.Debug|x86.ActiveCfg = Debug|Any CPU
		{0A4382C0-9012-4343-99A3-53DA04591B13}.Debug|x86.Build.0 = Debug|Any CPU
		{0A4382C0-9012-4343-99A3-53DA04591B13}.Debug|x86.Deploy.0 = Debug|Any CPU
		{0A4382C0-9012-4343-99A3-53DA04591B13}.Release|Any CPU.ActiveCfg = Release|Any CPU
		{0A4382C0-9012-4343-99A3-53DA04591B13}.Release|Any CPU.Build.0 = Release|Any CPU
		{0A4382C0-9012-4343-99A3-53DA04591B13}.Release|Any CPU.Deploy.0 = Release|Any CPU
		{0A4382C0-9012-4343-99A3-53DA04591B13}.Release|ARM.ActiveCfg = Release|Any CPU
		{0A4382C0-9012-4343-99A3-53DA04591B13}.Release|ARM.Build.0 = Release|Any CPU
		{0A4382C0-9012-4343-99A3-53DA04591B13}.Release|ARM.Deploy.0 = Release|Any CPU
		{0A4382C0-9012-4343-99A3-53DA04591B13}.Release|iPhone.ActiveCfg = Release|Any CPU
		{0A4382C0-9012-4343-99A3-53DA04591B13}.Release|iPhone.Build.0 = Release|Any CPU
		{0A4382C0-9012-4343-99A3-53DA04591B13}.Release|iPhone.Deploy.0 = Release|Any CPU
		{0A4382C0-9012-4343-99A3-53DA04591B13}.Release|iPhoneSimulator.ActiveCfg = Release|Any CPU
		{0A4382C0-9012-4343-99A3-53DA04591B13}.Release|iPhoneSimulator.Build.0 = Release|Any CPU
		{0A4382C0-9012-4343-99A3-53DA04591B13}.Release|iPhoneSimulator.Deploy.0 = Release|Any CPU
		{0A4382C0-9012-4343-99A3-53DA04591B13}.Release|x64.ActiveCfg = Release|Any CPU
		{0A4382C0-9012-4343-99A3-53DA04591B13}.Release|x64.Build.0 = Release|Any CPU
		{0A4382C0-9012-4343-99A3-53DA04591B13}.Release|x64.Deploy.0 = Release|Any CPU
		{0A4382C0-9012-4343-99A3-53DA04591B13}.Release|x86.ActiveCfg = Release|Any CPU
		{0A4382C0-9012-4343-99A3-53DA04591B13}.Release|x86.Build.0 = Release|Any CPU
		{0A4382C0-9012-4343-99A3-53DA04591B13}.Release|x86.Deploy.0 = Release|Any CPU
		{0B5F3B46-7F68-4F74-AC7A-2DEDADC8A3FB}.Ad-Hoc|Any CPU.ActiveCfg = Release|Any CPU
		{0B5F3B46-7F68-4F74-AC7A-2DEDADC8A3FB}.Ad-Hoc|Any CPU.Build.0 = Release|Any CPU
		{0B5F3B46-7F68-4F74-AC7A-2DEDADC8A3FB}.Ad-Hoc|ARM.ActiveCfg = Release|Any CPU
		{0B5F3B46-7F68-4F74-AC7A-2DEDADC8A3FB}.Ad-Hoc|ARM.Build.0 = Release|Any CPU
		{0B5F3B46-7F68-4F74-AC7A-2DEDADC8A3FB}.Ad-Hoc|iPhone.ActiveCfg = Release|Any CPU
		{0B5F3B46-7F68-4F74-AC7A-2DEDADC8A3FB}.Ad-Hoc|iPhone.Build.0 = Release|Any CPU
		{0B5F3B46-7F68-4F74-AC7A-2DEDADC8A3FB}.Ad-Hoc|iPhoneSimulator.ActiveCfg = Release|Any CPU
		{0B5F3B46-7F68-4F74-AC7A-2DEDADC8A3FB}.Ad-Hoc|iPhoneSimulator.Build.0 = Release|Any CPU
		{0B5F3B46-7F68-4F74-AC7A-2DEDADC8A3FB}.Ad-Hoc|x64.ActiveCfg = Release|Any CPU
		{0B5F3B46-7F68-4F74-AC7A-2DEDADC8A3FB}.Ad-Hoc|x64.Build.0 = Release|Any CPU
		{0B5F3B46-7F68-4F74-AC7A-2DEDADC8A3FB}.Ad-Hoc|x86.ActiveCfg = Release|Any CPU
		{0B5F3B46-7F68-4F74-AC7A-2DEDADC8A3FB}.Ad-Hoc|x86.Build.0 = Release|Any CPU
		{0B5F3B46-7F68-4F74-AC7A-2DEDADC8A3FB}.AppStore|Any CPU.ActiveCfg = Release|Any CPU
		{0B5F3B46-7F68-4F74-AC7A-2DEDADC8A3FB}.AppStore|Any CPU.Build.0 = Release|Any CPU
		{0B5F3B46-7F68-4F74-AC7A-2DEDADC8A3FB}.AppStore|ARM.ActiveCfg = Release|Any CPU
		{0B5F3B46-7F68-4F74-AC7A-2DEDADC8A3FB}.AppStore|ARM.Build.0 = Release|Any CPU
		{0B5F3B46-7F68-4F74-AC7A-2DEDADC8A3FB}.AppStore|iPhone.ActiveCfg = Release|Any CPU
		{0B5F3B46-7F68-4F74-AC7A-2DEDADC8A3FB}.AppStore|iPhone.Build.0 = Release|Any CPU
		{0B5F3B46-7F68-4F74-AC7A-2DEDADC8A3FB}.AppStore|iPhoneSimulator.ActiveCfg = Release|Any CPU
		{0B5F3B46-7F68-4F74-AC7A-2DEDADC8A3FB}.AppStore|iPhoneSimulator.Build.0 = Release|Any CPU
		{0B5F3B46-7F68-4F74-AC7A-2DEDADC8A3FB}.AppStore|x64.ActiveCfg = Release|Any CPU
		{0B5F3B46-7F68-4F74-AC7A-2DEDADC8A3FB}.AppStore|x64.Build.0 = Release|Any CPU
		{0B5F3B46-7F68-4F74-AC7A-2DEDADC8A3FB}.AppStore|x86.ActiveCfg = Release|Any CPU
		{0B5F3B46-7F68-4F74-AC7A-2DEDADC8A3FB}.AppStore|x86.Build.0 = Release|Any CPU
		{0B5F3B46-7F68-4F74-AC7A-2DEDADC8A3FB}.Debug|Any CPU.ActiveCfg = Debug|Any CPU
		{0B5F3B46-7F68-4F74-AC7A-2DEDADC8A3FB}.Debug|Any CPU.Build.0 = Debug|Any CPU
		{0B5F3B46-7F68-4F74-AC7A-2DEDADC8A3FB}.Debug|ARM.ActiveCfg = Debug|Any CPU
		{0B5F3B46-7F68-4F74-AC7A-2DEDADC8A3FB}.Debug|ARM.Build.0 = Debug|Any CPU
		{0B5F3B46-7F68-4F74-AC7A-2DEDADC8A3FB}.Debug|iPhone.ActiveCfg = Debug|Any CPU
		{0B5F3B46-7F68-4F74-AC7A-2DEDADC8A3FB}.Debug|iPhone.Build.0 = Debug|Any CPU
		{0B5F3B46-7F68-4F74-AC7A-2DEDADC8A3FB}.Debug|iPhoneSimulator.ActiveCfg = Debug|Any CPU
		{0B5F3B46-7F68-4F74-AC7A-2DEDADC8A3FB}.Debug|iPhoneSimulator.Build.0 = Debug|Any CPU
		{0B5F3B46-7F68-4F74-AC7A-2DEDADC8A3FB}.Debug|x64.ActiveCfg = Debug|Any CPU
		{0B5F3B46-7F68-4F74-AC7A-2DEDADC8A3FB}.Debug|x64.Build.0 = Debug|Any CPU
		{0B5F3B46-7F68-4F74-AC7A-2DEDADC8A3FB}.Debug|x86.ActiveCfg = Debug|Any CPU
		{0B5F3B46-7F68-4F74-AC7A-2DEDADC8A3FB}.Debug|x86.Build.0 = Debug|Any CPU
		{0B5F3B46-7F68-4F74-AC7A-2DEDADC8A3FB}.Release|Any CPU.ActiveCfg = Release|Any CPU
		{0B5F3B46-7F68-4F74-AC7A-2DEDADC8A3FB}.Release|Any CPU.Build.0 = Release|Any CPU
		{0B5F3B46-7F68-4F74-AC7A-2DEDADC8A3FB}.Release|ARM.ActiveCfg = Release|Any CPU
		{0B5F3B46-7F68-4F74-AC7A-2DEDADC8A3FB}.Release|ARM.Build.0 = Release|Any CPU
		{0B5F3B46-7F68-4F74-AC7A-2DEDADC8A3FB}.Release|iPhone.ActiveCfg = Release|Any CPU
		{0B5F3B46-7F68-4F74-AC7A-2DEDADC8A3FB}.Release|iPhone.Build.0 = Release|Any CPU
		{0B5F3B46-7F68-4F74-AC7A-2DEDADC8A3FB}.Release|iPhoneSimulator.ActiveCfg = Release|Any CPU
		{0B5F3B46-7F68-4F74-AC7A-2DEDADC8A3FB}.Release|iPhoneSimulator.Build.0 = Release|Any CPU
		{0B5F3B46-7F68-4F74-AC7A-2DEDADC8A3FB}.Release|x64.ActiveCfg = Release|Any CPU
		{0B5F3B46-7F68-4F74-AC7A-2DEDADC8A3FB}.Release|x64.Build.0 = Release|Any CPU
		{0B5F3B46-7F68-4F74-AC7A-2DEDADC8A3FB}.Release|x86.ActiveCfg = Release|Any CPU
		{0B5F3B46-7F68-4F74-AC7A-2DEDADC8A3FB}.Release|x86.Build.0 = Release|Any CPU
		{374E5B1B-3017-48A1-9CE9-20EA17CBBFE3}.Ad-Hoc|Any CPU.ActiveCfg = Release|x86
		{374E5B1B-3017-48A1-9CE9-20EA17CBBFE3}.Ad-Hoc|Any CPU.Build.0 = Release|x86
		{374E5B1B-3017-48A1-9CE9-20EA17CBBFE3}.Ad-Hoc|Any CPU.Deploy.0 = Release|x86
		{374E5B1B-3017-48A1-9CE9-20EA17CBBFE3}.Ad-Hoc|ARM.ActiveCfg = Release|ARM
		{374E5B1B-3017-48A1-9CE9-20EA17CBBFE3}.Ad-Hoc|ARM.Build.0 = Release|ARM
		{374E5B1B-3017-48A1-9CE9-20EA17CBBFE3}.Ad-Hoc|ARM.Deploy.0 = Release|ARM
		{374E5B1B-3017-48A1-9CE9-20EA17CBBFE3}.Ad-Hoc|iPhone.ActiveCfg = Release|x86
		{374E5B1B-3017-48A1-9CE9-20EA17CBBFE3}.Ad-Hoc|iPhone.Build.0 = Release|x86
		{374E5B1B-3017-48A1-9CE9-20EA17CBBFE3}.Ad-Hoc|iPhone.Deploy.0 = Release|x86
		{374E5B1B-3017-48A1-9CE9-20EA17CBBFE3}.Ad-Hoc|iPhoneSimulator.ActiveCfg = Release|x86
		{374E5B1B-3017-48A1-9CE9-20EA17CBBFE3}.Ad-Hoc|iPhoneSimulator.Build.0 = Release|x86
		{374E5B1B-3017-48A1-9CE9-20EA17CBBFE3}.Ad-Hoc|iPhoneSimulator.Deploy.0 = Release|x86
		{374E5B1B-3017-48A1-9CE9-20EA17CBBFE3}.Ad-Hoc|x64.ActiveCfg = Release|x64
		{374E5B1B-3017-48A1-9CE9-20EA17CBBFE3}.Ad-Hoc|x64.Build.0 = Release|x64
		{374E5B1B-3017-48A1-9CE9-20EA17CBBFE3}.Ad-Hoc|x64.Deploy.0 = Release|x64
		{374E5B1B-3017-48A1-9CE9-20EA17CBBFE3}.Ad-Hoc|x86.ActiveCfg = Release|x86
		{374E5B1B-3017-48A1-9CE9-20EA17CBBFE3}.Ad-Hoc|x86.Build.0 = Release|x86
		{374E5B1B-3017-48A1-9CE9-20EA17CBBFE3}.Ad-Hoc|x86.Deploy.0 = Release|x86
		{374E5B1B-3017-48A1-9CE9-20EA17CBBFE3}.AppStore|Any CPU.ActiveCfg = Release|x86
		{374E5B1B-3017-48A1-9CE9-20EA17CBBFE3}.AppStore|Any CPU.Build.0 = Release|x86
		{374E5B1B-3017-48A1-9CE9-20EA17CBBFE3}.AppStore|Any CPU.Deploy.0 = Release|x86
		{374E5B1B-3017-48A1-9CE9-20EA17CBBFE3}.AppStore|ARM.ActiveCfg = Release|ARM
		{374E5B1B-3017-48A1-9CE9-20EA17CBBFE3}.AppStore|ARM.Build.0 = Release|ARM
		{374E5B1B-3017-48A1-9CE9-20EA17CBBFE3}.AppStore|ARM.Deploy.0 = Release|ARM
		{374E5B1B-3017-48A1-9CE9-20EA17CBBFE3}.AppStore|iPhone.ActiveCfg = Release|x86
		{374E5B1B-3017-48A1-9CE9-20EA17CBBFE3}.AppStore|iPhone.Build.0 = Release|x86
		{374E5B1B-3017-48A1-9CE9-20EA17CBBFE3}.AppStore|iPhone.Deploy.0 = Release|x86
		{374E5B1B-3017-48A1-9CE9-20EA17CBBFE3}.AppStore|iPhoneSimulator.ActiveCfg = Release|x86
		{374E5B1B-3017-48A1-9CE9-20EA17CBBFE3}.AppStore|iPhoneSimulator.Build.0 = Release|x86
		{374E5B1B-3017-48A1-9CE9-20EA17CBBFE3}.AppStore|iPhoneSimulator.Deploy.0 = Release|x86
		{374E5B1B-3017-48A1-9CE9-20EA17CBBFE3}.AppStore|x64.ActiveCfg = Release|x64
		{374E5B1B-3017-48A1-9CE9-20EA17CBBFE3}.AppStore|x64.Build.0 = Release|x64
		{374E5B1B-3017-48A1-9CE9-20EA17CBBFE3}.AppStore|x64.Deploy.0 = Release|x64
		{374E5B1B-3017-48A1-9CE9-20EA17CBBFE3}.AppStore|x86.ActiveCfg = Release|x86
		{374E5B1B-3017-48A1-9CE9-20EA17CBBFE3}.AppStore|x86.Build.0 = Release|x86
		{374E5B1B-3017-48A1-9CE9-20EA17CBBFE3}.AppStore|x86.Deploy.0 = Release|x86
		{374E5B1B-3017-48A1-9CE9-20EA17CBBFE3}.Debug|Any CPU.ActiveCfg = Debug|x86
		{374E5B1B-3017-48A1-9CE9-20EA17CBBFE3}.Debug|ARM.ActiveCfg = Debug|ARM
		{374E5B1B-3017-48A1-9CE9-20EA17CBBFE3}.Debug|ARM.Build.0 = Debug|ARM
		{374E5B1B-3017-48A1-9CE9-20EA17CBBFE3}.Debug|ARM.Deploy.0 = Debug|ARM
		{374E5B1B-3017-48A1-9CE9-20EA17CBBFE3}.Debug|iPhone.ActiveCfg = Debug|x86
		{374E5B1B-3017-48A1-9CE9-20EA17CBBFE3}.Debug|iPhoneSimulator.ActiveCfg = Debug|x86
		{374E5B1B-3017-48A1-9CE9-20EA17CBBFE3}.Debug|x64.ActiveCfg = Debug|x64
		{374E5B1B-3017-48A1-9CE9-20EA17CBBFE3}.Debug|x64.Build.0 = Debug|x64
		{374E5B1B-3017-48A1-9CE9-20EA17CBBFE3}.Debug|x64.Deploy.0 = Debug|x64
		{374E5B1B-3017-48A1-9CE9-20EA17CBBFE3}.Debug|x86.ActiveCfg = Debug|x86
		{374E5B1B-3017-48A1-9CE9-20EA17CBBFE3}.Debug|x86.Build.0 = Debug|x86
		{374E5B1B-3017-48A1-9CE9-20EA17CBBFE3}.Debug|x86.Deploy.0 = Debug|x86
		{374E5B1B-3017-48A1-9CE9-20EA17CBBFE3}.Release|Any CPU.ActiveCfg = Release|x86
		{374E5B1B-3017-48A1-9CE9-20EA17CBBFE3}.Release|ARM.ActiveCfg = Release|ARM
		{374E5B1B-3017-48A1-9CE9-20EA17CBBFE3}.Release|ARM.Build.0 = Release|ARM
		{374E5B1B-3017-48A1-9CE9-20EA17CBBFE3}.Release|ARM.Deploy.0 = Release|ARM
		{374E5B1B-3017-48A1-9CE9-20EA17CBBFE3}.Release|iPhone.ActiveCfg = Release|x86
		{374E5B1B-3017-48A1-9CE9-20EA17CBBFE3}.Release|iPhoneSimulator.ActiveCfg = Release|x86
		{374E5B1B-3017-48A1-9CE9-20EA17CBBFE3}.Release|x64.ActiveCfg = Release|x64
		{374E5B1B-3017-48A1-9CE9-20EA17CBBFE3}.Release|x64.Build.0 = Release|x64
		{374E5B1B-3017-48A1-9CE9-20EA17CBBFE3}.Release|x64.Deploy.0 = Release|x64
		{374E5B1B-3017-48A1-9CE9-20EA17CBBFE3}.Release|x86.ActiveCfg = Release|x86
		{374E5B1B-3017-48A1-9CE9-20EA17CBBFE3}.Release|x86.Build.0 = Release|x86
		{374E5B1B-3017-48A1-9CE9-20EA17CBBFE3}.Release|x86.Deploy.0 = Release|x86
		{B1B4E1C7-F067-449A-9A44-BD2CCB6E21DD}.Ad-Hoc|Any CPU.ActiveCfg = Ad-Hoc|iPhone
		{B1B4E1C7-F067-449A-9A44-BD2CCB6E21DD}.Ad-Hoc|ARM.ActiveCfg = Ad-Hoc|iPhone
		{B1B4E1C7-F067-449A-9A44-BD2CCB6E21DD}.Ad-Hoc|iPhone.ActiveCfg = Ad-Hoc|iPhone
		{B1B4E1C7-F067-449A-9A44-BD2CCB6E21DD}.Ad-Hoc|iPhone.Build.0 = Ad-Hoc|iPhone
		{B1B4E1C7-F067-449A-9A44-BD2CCB6E21DD}.Ad-Hoc|iPhoneSimulator.ActiveCfg = Ad-Hoc|iPhoneSimulator
		{B1B4E1C7-F067-449A-9A44-BD2CCB6E21DD}.Ad-Hoc|iPhoneSimulator.Build.0 = Ad-Hoc|iPhoneSimulator
		{B1B4E1C7-F067-449A-9A44-BD2CCB6E21DD}.Ad-Hoc|x64.ActiveCfg = Ad-Hoc|iPhone
		{B1B4E1C7-F067-449A-9A44-BD2CCB6E21DD}.Ad-Hoc|x86.ActiveCfg = Ad-Hoc|iPhone
		{B1B4E1C7-F067-449A-9A44-BD2CCB6E21DD}.AppStore|Any CPU.ActiveCfg = AppStore|iPhone
		{B1B4E1C7-F067-449A-9A44-BD2CCB6E21DD}.AppStore|ARM.ActiveCfg = AppStore|iPhone
		{B1B4E1C7-F067-449A-9A44-BD2CCB6E21DD}.AppStore|iPhone.ActiveCfg = AppStore|iPhone
		{B1B4E1C7-F067-449A-9A44-BD2CCB6E21DD}.AppStore|iPhone.Build.0 = AppStore|iPhone
		{B1B4E1C7-F067-449A-9A44-BD2CCB6E21DD}.AppStore|iPhoneSimulator.ActiveCfg = AppStore|iPhoneSimulator
		{B1B4E1C7-F067-449A-9A44-BD2CCB6E21DD}.AppStore|iPhoneSimulator.Build.0 = AppStore|iPhoneSimulator
		{B1B4E1C7-F067-449A-9A44-BD2CCB6E21DD}.AppStore|x64.ActiveCfg = AppStore|iPhone
		{B1B4E1C7-F067-449A-9A44-BD2CCB6E21DD}.AppStore|x86.ActiveCfg = AppStore|iPhone
		{B1B4E1C7-F067-449A-9A44-BD2CCB6E21DD}.Debug|Any CPU.ActiveCfg = Debug|iPhone
		{B1B4E1C7-F067-449A-9A44-BD2CCB6E21DD}.Debug|ARM.ActiveCfg = Debug|iPhone
		{B1B4E1C7-F067-449A-9A44-BD2CCB6E21DD}.Debug|iPhone.ActiveCfg = Debug|iPhone
		{B1B4E1C7-F067-449A-9A44-BD2CCB6E21DD}.Debug|iPhone.Build.0 = Debug|iPhone
		{B1B4E1C7-F067-449A-9A44-BD2CCB6E21DD}.Debug|iPhoneSimulator.ActiveCfg = Debug|iPhoneSimulator
		{B1B4E1C7-F067-449A-9A44-BD2CCB6E21DD}.Debug|iPhoneSimulator.Build.0 = Debug|iPhoneSimulator
		{B1B4E1C7-F067-449A-9A44-BD2CCB6E21DD}.Debug|x64.ActiveCfg = Debug|iPhone
		{B1B4E1C7-F067-449A-9A44-BD2CCB6E21DD}.Debug|x86.ActiveCfg = Debug|iPhone
		{B1B4E1C7-F067-449A-9A44-BD2CCB6E21DD}.Release|Any CPU.ActiveCfg = Release|iPhone
		{B1B4E1C7-F067-449A-9A44-BD2CCB6E21DD}.Release|ARM.ActiveCfg = Release|iPhone
		{B1B4E1C7-F067-449A-9A44-BD2CCB6E21DD}.Release|iPhone.ActiveCfg = Release|iPhone
		{B1B4E1C7-F067-449A-9A44-BD2CCB6E21DD}.Release|iPhone.Build.0 = Release|iPhone
		{B1B4E1C7-F067-449A-9A44-BD2CCB6E21DD}.Release|iPhoneSimulator.ActiveCfg = Release|iPhoneSimulator
		{B1B4E1C7-F067-449A-9A44-BD2CCB6E21DD}.Release|iPhoneSimulator.Build.0 = Release|iPhoneSimulator
		{B1B4E1C7-F067-449A-9A44-BD2CCB6E21DD}.Release|x64.ActiveCfg = Release|iPhone
		{B1B4E1C7-F067-449A-9A44-BD2CCB6E21DD}.Release|x86.ActiveCfg = Release|iPhone
	EndGlobalSection
	GlobalSection(SolutionProperties) = preSolution
		HideSolutionNode = FALSE
	EndGlobalSection
EndGlobal
